# This file is autogenerated, do not edit; changes may be undone by the next 'dep ensure'.


[[projects]]
  branch = "master"
  name = "github.com/ajstarks/svgo"
  packages = ["."]
  revision = "0cbcf57ea1d80b69458eab551a60ef48d636dbb9"

[[projects]]
  name = "github.com/fogleman/gg"
  packages = ["."]
  revision = "0403632d5b905943a1c2a5b2763aaecd568467ec"
  version = "v1.3.0"

[[projects]]
  branch = "master"
  name = "github.com/golang/freetype"
  packages = ["raster","truetype"]
  revision = "e2365dfdc4a05e4b8299a783240d4a7d5a65d4e4"

[[projects]]
  name = "github.com/jung-kurt/gofpdf"
  packages = ["."]
  revision = "49e44c73f28fbc4ea0b011c7d4078d0a1523e44f"
  version = "v12.13.5"

[[projects]]
  branch = "master"
  name = "github.com/liamzdenek/go-pthreads"
  packages = ["."]
  revision = "ccaf4c64741e3e1b10f21f618127496927cd4e91"

[[projects]]
  branch = "master"
  name = "golang.org/x/exp"
  packages = ["rand"]
  revision = "fcea875c7e8555ad2a19200050d559f50f22ad27"

[[projects]]
  branch = "master"
  name = "golang.org/x/image"
  packages = ["ccitt","draw","font","font/basicfont","font/plan9font","math/f64","math/fixed","tiff","tiff/lzw"]
  revision = "58c23975cae11f062d4b3b0c143fe248faac195d"

[[projects]]
  name = "gonum.org/v1/gonum"
  packages = ["blas","blas/blas64","blas/cblas128","blas/gonum","floats","internal/asm/c128","internal/asm/c64","internal/asm/f32","internal/asm/f64","internal/cmplx64","internal/math32","lapack","lapack/gonum","lapack/lapack64","mat"]
  revision = "960a37950cca5ec8d1efe76ed4eec9dfe3065bd6"
  version = "v0.7.0"

[[projects]]
  name = "gonum.org/v1/plot"
  packages = [".","palette","plotter","plotutil","tools/bezier","vg","vg/draw","vg/fonts","vg/vgeps","vg/vgimg","vg/vgpdf","vg/vgsvg"]
  revision = "5f3b4ba9092b1c625bfe2e7f4a3d43e544e0d402"
  version = "v0.7.0"

[solve-meta]
  analyzer-name = "dep"
  analyzer-version = 1
  inputs-digest = "3a70f0495c7ed95386de61ef0972ecfe5dbe3de050a0ec38ddeb63b439161522"
  solver-name = "gps-cdcl"
  solver-version = 1
